// !$*UTF8*$!
{
	archiveVersion = 1;
	classes = {
	};
	objectVersion = 77;
	objects = {

/* Begin PBXContainerItemProxy section */
		A528223B2D2DDD890060678E /* PBXContainerItemProxy */ = {
			isa = PBXContainerItemProxy;
			containerPortal = A52822222D2DDD870060678E /* Project object */;
			proxyType = 1;
			remoteGlobalIDString = A52822292D2DDD870060678E;
			remoteInfo = monkeymemorize2;
		};
		A52822452D2DDD890060678E /* PBXContainerItemProxy */ = {
			isa = PBXContainerItemProxy;
			containerPortal = A52822222D2DDD870060678E /* Project object */;
			proxyType = 1;
			remoteGlobalIDString = A52822292D2DDD870060678E;
			remoteInfo = monkeymemorize2;
		};
/* End PBXContainerItemProxy section */

/* Begin PBXFileReference section */
		A528222A2D2DDD870060678E /* monkeymemorize2.app */ = {isa = PBXFileReference; explicitFileType = wrapper.application; includeInIndex = 0; path = monkeymemorize2.app; sourceTree = BUILT_PRODUCTS_DIR; };
		A528223A2D2DDD890060678E /* monkeymemorize2Tests.xctest */ = {isa = PBXFileReference; explicitFileType = wrapper.cfbundle; includeInIndex = 0; path = monkeymemorize2Tests.xctest; sourceTree = BUILT_PRODUCTS_DIR; };
		A52822442D2DDD890060678E /* monkeymemorize2UITests.xctest */ = {isa = PBXFileReference; explicitFileType = wrapper.cfbundle; includeInIndex = 0; path = monkeymemorize2UITests.xctest; sourceTree = BUILT_PRODUCTS_DIR; };
/* End PBXFileReference section */

/* Begin PBXFileSystemSynchronizedRootGroup section */
		A528222C2D2DDD870060678E /* monkeymemorize2 */ = {
			isa = PBXFileSystemSynchronizedRootGroup;
			path = monkeymemorize2;
			sourceTree = "<group>";
		};
		A528223D2D2DDD890060678E /* monkeymemorize2Tests */ = {
			isa = PBXFileSystemSynchronizedRootGroup;
			path = monkeymemorize2Tests;
			sourceTree = "<group>";
		};
		A52822472D2DDD890060678E /* monkeymemorize2UITests */ = {
			isa = PBXFileSystemSynchronizedRootGroup;
			path = monkeymemorize2UITests;
			sourceTree = "<group>";
		};
/* End PBXFileSystemSynchronizedRootGroup section */

/* Begin PBXFrameworksBuildPhase section */
		A52822272D2DDD870060678E /* Frameworks */ = {
			isa = PBXFrameworksBuildPhase;
			buildActionMask = 2147483647;
			files = (
			);
			runOnlyForDeploymentPostprocessing = 0;
		};
		A52822372D2DDD890060678E /* Frameworks */ = {
			isa = PBXFrameworksBuildPhase;
			buildActionMask = 2147483647;
			files = (
			);
			runOnlyForDeploymentPostprocessing = 0;
		};
		A52822412D2DDD890060678E /* Frameworks */ = {
			isa = PBXFrameworksBuildPhase;
			buildActionMask = 2147483647;
			files = (
			);
			runOnlyForDeploymentPostprocessing = 0;
		};
/* End PBXFrameworksBuildPhase section */

/* Begin PBXGroup section */
		A52822212D2DDD870060678E = {
			isa = PBXGroup;
			children = (
				A528222C2D2DDD870060678E /* monkeymemorize2 */,
				A528223D2D2DDD890060678E /* monkeymemorize2Tests */,
				A52822472D2DDD890060678E /* monkeymemorize2UITests */,
				A528222B2D2DDD870060678E /* Products */,
			);
			sourceTree = "<group>";
		};
		A528222B2D2DDD870060678E /* Products */ = {
			isa = PBXGroup;
			children = (
				A528222A2D2DDD870060678E /* monkeymemorize2.app */,
				A528223A2D2DDD890060678E /* monkeymemorize2Tests.xctest */,
				A52822442D2DDD890060678E /* monkeymemorize2UITests.xctest */,
			);
			name = Products;
			sourceTree = "<group>";
		};
/* End PBXGroup section */

/* Begin PBXNativeTarget section */
		A52822292D2DDD870060678E /* monkeymemorize2 */ = {
			isa = PBXNativeTarget;
			buildConfigurationList = A528224E2D2DDD890060678E /* Build configuration list for PBXNativeTarget "monkeymemorize2" */;
			buildPhases = (
				A52822262D2DDD870060678E /* Sources */,
				A52822272D2DDD870060678E /* Frameworks */,
				A52822282D2DDD870060678E /* Resources */,
			);
			buildRules = (
			);
			dependencies = (
			);
			fileSystemSynchronizedGroups = (
				A528222C2D2DDD870060678E /* monkeymemorize2 */,
			);
			name = monkeymemorize2;
			packageProductDependencies = (
			);
			productName = monkeymemorize2;
			productReference = A528222A2D2DDD870060678E /* monkeymemorize2.app */;
			productType = "com.apple.product-type.application";
		};
		A52822392D2DDD890060678E /* monkeymemorize2Tests */ = {
			isa = PBXNativeTarget;
			buildConfigurationList = A52822512D2DDD890060678E /* Build configuration list for PBXNativeTarget "monkeymemorize2Tests" */;
			buildPhases = (
				A52822362D2DDD890060678E /* Sources */,
				A52822372D2DDD890060678E /* Frameworks */,
				A52822382D2DDD890060678E /* Resources */,
			);
			buildRules = (
			);
			dependencies = (
				A528223C2D2DDD890060678E /* PBXTargetDependency */,
			);
			fileSystemSynchronizedGroups = (
				A528223D2D2DDD890060678E /* monkeymemorize2Tests */,
			);
			name = monkeymemorize2Tests;
			packageProductDependencies = (
			);
			productName = monkeymemorize2Tests;
			productReference = A528223A2D2DDD890060678E /* monkeymemorize2Tests.xctest */;
			productType = "com.apple.product-type.bundle.unit-test";
		};
		A52822432D2DDD890060678E /* monkeymemorize2UITests */ = {
			isa = PBXNativeTarget;
			buildConfigurationList = A52822542D2DDD890060678E /* Build configuration list for PBXNativeTarget "monkeymemorize2UITests" */;
			buildPhases = (
				A52822402D2DDD890060678E /* Sources */,
				A52822412D2DDD890060678E /* Frameworks */,
				A52822422D2DDD890060678E /* Resources */,
			);
			buildRules = (
			);
			dependencies = (
				A52822462D2DDD890060678E /* PBXTargetDependency */,
			);
			fileSystemSynchronizedGroups = (
				A52822472D2DDD890060678E /* monkeymemorize2UITests */,
			);
			name = monkeymemorize2UITests;
			packageProductDependencies = (
			);
			productName = monkeymemorize2UITests;
			productReference = A52822442D2DDD890060678E /* monkeymemorize2UITests.xctest */;
			productType = "com.apple.product-type.bundle.ui-testing";
		};
/* End PBXNativeTarget section */

/* Begin PBXProject section */
		A52822222D2DDD870060678E /* Project object */ = {
			isa = PBXProject;
			attributes = {
				BuildIndependentTargetsInParallel = 1;
				LastSwiftUpdateCheck = 1610;
				LastUpgradeCheck = 1610;
				TargetAttributes = {
					A52822292D2DDD870060678E = {
						CreatedOnToolsVersion = 16.1;
					};
					A52822392D2DDD890060678E = {
						CreatedOnToolsVersion = 16.1;
						TestTargetID = A52822292D2DDD870060678E;
					};
					A52822432D2DDD890060678E = {
						CreatedOnToolsVersion = 16.1;
						TestTargetID = A52822292D2DDD870060678E;
					};
				};
			};
			buildConfigurationList = A52822252D2DDD870060678E /* Build configuration list for PBXProject "monkeymemorize2" */;
			developmentRegion = en;
			hasScannedForEncodings = 0;
			knownRegions = (
				en,
				Base,
			);
			mainGroup = A52822212D2DDD870060678E;
			minimizedProjectReferenceProxies = 1;
			preferredProjectObjectVersion = 77;
			productRefGroup = A528222B2D2DDD870060678E /* Products */;
			projectDirPath = "";
			projectRoot = "";
			targets = (
				A52822292D2DDD870060678E /* monkeymemorize2 */,
				A52822392D2DDD890060678E /* monkeymemorize2Tests */,
				A52822432D2DDD890060678E /* monkeymemorize2UITests */,
			);
		};
/* End PBXProject section */

/* Begin PBXResourcesBuildPhase section */
		A52822282D2DDD870060678E /* Resources */ = {
			isa = PBXResourcesBuildPhase;
			buildActionMask = 2147483647;
			files = (
			);
			runOnlyForDeploymentPostprocessing = 0;
		};
		A52822382D2DDD890060678E /* Resources */ = {
			isa = PBXResourcesBuildPhase;
			buildActionMask = 2147483647;
			files = (
			);
			runOnlyForDeploymentPostprocessing = 0;
		};
		A52822422D2DDD890060678E /* Resources */ = {
			isa = PBXResourcesBuildPhase;
			buildActionMask = 2147483647;
			files = (
			);
			runOnlyForDeploymentPostprocessing = 0;
		};
/* End PBXResourcesBuildPhase section */

/* Begin PBXSourcesBuildPhase section */
		A52822262D2DDD870060678E /* Sources */ = {
			isa = PBXSourcesBuildPhase;
			buildActionMask = 2147483647;
			files = (
			);
			runOnlyForDeploymentPostprocessing = 0;
		};
		A52822362D2DDD890060678E /* Sources */ = {
			isa = PBXSourcesBuildPhase;
			buildActionMask = 2147483647;
			files = (
			);
			runOnlyForDeploymentPostprocessing = 0;
		};
		A52822402D2DDD890060678E /* Sources */ = {
			isa = PBXSourcesBuildPhase;
			buildActionMask = 2147483647;
			files = (
			);
			runOnlyForDeploymentPostprocessing = 0;
		};
/* End PBXSourcesBuildPhase section */

/* Begin PBXTargetDependency section */
		A528223C2D2DDD890060678E /* PBXTargetDependency */ = {
			isa = PBXTargetDependency;
			target = A52822292D2DDD870060678E /* monkeymemorize2 */;
			targetProxy = A528223B2D2DDD890060678E /* PBXContainerItemProxy */;
		};
		A52822462D2DDD890060678E /* PBXTargetDependency */ = {
			isa = PBXTargetDependency;
			target = A52822292D2DDD870060678E /* monkeymemorize2 */;
			targetProxy = A52822452D2DDD890060678E /* PBXContainerItemProxy */;
		};
/* End PBXTargetDependency section */

/* Begin XCBuildConfiguration section */
		A528224C2D2DDD890060678E /* Debug */ = {
			isa = XCBuildConfiguration;
			buildSettings = {
				ALWAYS_SEARCH_USER_PATHS = NO;
				ASSETCATALOG_COMPILER_GENERATE_SWIFT_ASSET_SYMBOL_EXTENSIONS = YES;
				CLANG_ANALYZER_NONNULL = YES;
				CLANG_ANALYZER_NUMBER_OBJECT_CONVERSION = YES_AGGRESSIVE;
				CLANG_CXX_LANGUAGE_STANDARD = "gnu++20";
				CLANG_ENABLE_MODULES = YES;
				CLANG_ENABLE_OBJC_ARC = YES;
				CLANG_ENABLE_OBJC_WEAK = YES;
				CLANG_WARN_BLOCK_CAPTURE_AUTORELEASING = YES;
				CLANG_WARN_BOOL_CONVERSION = YES;
				CLANG_WARN_COMMA = YES;
				CLANG_WARN_CONSTANT_CONVERSION = YES;
				CLANG_WARN_DEPRECATED_OBJC_IMPLEMENTATIONS = YES;
				CLANG_WARN_DIRECT_OBJC_ISA_USAGE = YES_ERROR;
				CLANG_WARN_DOCUMENTATION_COMMENTS = YES;
				CLANG_WARN_EMPTY_BODY = YES;
				CLANG_WARN_ENUM_CONVERSION = YES;
				CLANG_WARN_INFINITE_RECURSION = YES;
				CLANG_WARN_INT_CONVERSION = YES;
				CLANG_WARN_NON_LITERAL_NULL_CONVERSION = YES;
				CLANG_WARN_OBJC_IMPLICIT_RETAIN_SELF = YES;
				CLANG_WARN_OBJC_LITERAL_CONVERSION = YES;
				CLANG_WARN_OBJC_ROOT_CLASS = YES_ERROR;
				CLANG_WARN_QUOTED_INCLUDE_IN_FRAMEWORK_HEADER = YES;
				CLANG_WARN_RANGE_LOOP_ANALYSIS = YES;
				CLANG_WARN_STRICT_PROTOTYPES = YES;
				CLANG_WARN_SUSPICIOUS_MOVE = YES;
				CLANG_WARN_UNGUARDED_AVAILABILITY = YES_AGGRESSIVE;
				CLANG_WARN_UNREACHABLE_CODE = YES;
				CLANG_WARN__DUPLICATE_METHOD_MATCH = YES;
				COPY_PHASE_STRIP = NO;
				DEBUG_INFORMATION_FORMAT = dwarf;
				ENABLE_STRICT_OBJC_MSGSEND = YES;
				ENABLE_TESTABILITY = YES;
				ENABLE_USER_SCRIPT_SANDBOXING = YES;
				GCC_C_LANGUAGE_STANDARD = gnu17;
				GCC_DYNAMIC_NO_PIC = NO;
				GCC_NO_COMMON_BLOCKS = YES;
				GCC_OPTIMIZATION_LEVEL = 0;
				GCC_PREPROCESSOR_DEFINITIONS = (
					"DEBUG=1",
					"$(inherited)",
				);
				GCC_WARN_64_TO_32_BIT_CONVERSION = YES;
				GCC_WARN_ABOUT_RETURN_TYPE = YES_ERROR;
				GCC_WARN_UNDECLARED_SELECTOR = YES;
				GCC_WARN_UNINITIALIZED_AUTOS = YES_AGGRESSIVE;
				GCC_WARN_UNUSED_FUNCTION = YES;
				GCC_WARN_UNUSED_VARIABLE = YES;
				IPHONEOS_DEPLOYMENT_TARGET = 18.1;
				LOCALIZATION_PREFERS_STRING_CATALOGS = YES;
				MTL_ENABLE_DEBUG_INFO = INCLUDE_SOURCE;
				MTL_FAST_MATH = YES;
				ONLY_ACTIVE_ARCH = YES;
				SDKROOT = iphoneos;
				SWIFT_ACTIVE_COMPILATION_CONDITIONS = "DEBUG $(inherited)";
				SWIFT_OPTIMIZATION_LEVEL = "-Onone";
			};
			name = Debug;
		};
		A528224D2D2DDD890060678E /* Release */ = {
			isa = XCBuildConfiguration;
			buildSettings = {
				ALWAYS_SEARCH_USER_PATHS = NO;
				ASSETCATALOG_COMPILER_GENERATE_SWIFT_ASSET_SYMBOL_EXTENSIONS = YES;
				CLANG_ANALYZER_NONNULL = YES;
				CLANG_ANALYZER_NUMBER_OBJECT_CONVERSION = YES_AGGRESSIVE;
				CLANG_CXX_LANGUAGE_STANDARD = "gnu++20";
				CLANG_ENABLE_MODULES = YES;
				CLANG_ENABLE_OBJC_ARC = YES;
				CLANG_ENABLE_OBJC_WEAK = YES;
				CLANG_WARN_BLOCK_CAPTURE_AUTORELEASING = YES;
				CLANG_WARN_BOOL_CONVERSION = YES;
				CLANG_WARN_COMMA = YES;
				CLANG_WARN_CONSTANT_CONVERSION = YES;
				CLANG_WARN_DEPRECATED_OBJC_IMPLEMENTATIONS = YES;
				CLANG_WARN_DIRECT_OBJC_ISA_USAGE = YES_ERROR;
				CLANG_WARN_DOCUMENTATION_COMMENTS = YES;
				CLANG_WARN_EMPTY_BODY = YES;
				CLANG_WARN_ENUM_CONVERSION = YES;
				CLANG_WARN_INFINITE_RECURSION = YES;
				CLANG_WARN_INT_CONVERSION = YES;
				CLANG_WARN_NON_LITERAL_NULL_CONVERSION = YES;
				CLANG_WARN_OBJC_IMPLICIT_RETAIN_SELF = YES;
				CLANG_WARN_OBJC_LITERAL_CONVERSION = YES;
				CLANG_WARN_OBJC_ROOT_CLASS = YES_ERROR;
				CLANG_WARN_QUOTED_INCLUDE_IN_FRAMEWORK_HEADER = YES;
				CLANG_WARN_RANGE_LOOP_ANALYSIS = YES;
				CLANG_WARN_STRICT_PROTOTYPES = YES;
				CLANG_WARN_SUSPICIOUS_MOVE = YES;
				CLANG_WARN_UNGUARDED_AVAILABILITY = YES_AGGRESSIVE;
				CLANG_WARN_UNREACHABLE_CODE = YES;
				CLANG_WARN__DUPLICATE_METHOD_MATCH = YES;
				COPY_PHASE_STRIP = NO;
				DEBUG_INFORMATION_FORMAT = "dwarf-with-dsym";
				ENABLE_NS_ASSERTIONS = NO;
				ENABLE_STRICT_OBJC_MSGSEND = YES;
				ENABLE_USER_SCRIPT_SANDBOXING = YES;
				GCC_C_LANGUAGE_STANDARD = gnu17;
				GCC_NO_COMMON_BLOCKS = YES;
				GCC_WARN_64_TO_32_BIT_CONVERSION = YES;
				GCC_WARN_ABOUT_RETURN_TYPE = YES_ERROR;
				GCC_WARN_UNDECLARED_SELECTOR = YES;
				GCC_WARN_UNINITIALIZED_AUTOS = YES_AGGRESSIVE;
				GCC_WARN_UNUSED_FUNCTION = YES;
				GCC_WARN_UNUSED_VARIABLE = YES;
				IPHONEOS_DEPLOYMENT_TARGET = 18.1;
				LOCALIZATION_PREFERS_STRING_CATALOGS = YES;
				MTL_ENABLE_DEBUG_INFO = NO;
				MTL_FAST_MATH = YES;
				SDKROOT = iphoneos;
				SWIFT_COMPILATION_MODE = wholemodule;
				VALIDATE_PRODUCT = YES;
			};
			name = Release;
		};
		A528224F2D2DDD890060678E /* Debug */ = {
			isa = XCBuildConfiguration;
			buildSettings = {
				ASSETCATALOG_COMPILER_APPICON_NAME = AppIcon;
				ASSETCATALOG_COMPILER_GLOBAL_ACCENT_COLOR_NAME = AccentColor;
				CODE_SIGN_STYLE = Automatic;
				CURRENT_PROJECT_VERSION = 1;
				DEVELOPMENT_ASSET_PATHS = "\"monkeymemorize2/Preview Content\"";
				DEVELOPMENT_TEAM = 459BVP2W33;
				ENABLE_PREVIEWS = YES;
				GENERATE_INFOPLIST_FILE = YES;
				INFOPLIST_KEY_UIApplicationSceneManifest_Generation = YES;
				INFOPLIST_KEY_UIApplicationSupportsIndirectInputEvents = YES;
				INFOPLIST_KEY_UILaunchScreen_Generation = YES;
				INFOPLIST_KEY_UISupportedInterfaceOrientations_iPad = "UIInterfaceOrientationPortrait UIInterfaceOrientationPortraitUpsideDown UIInterfaceOrientationLandscapeLeft UIInterfaceOrientationLandscapeRight";
				INFOPLIST_KEY_UISupportedInterfaceOrientations_iPhone = "UIInterfaceOrientationPortrait UIInterfaceOrientationLandscapeLeft UIInterfaceOrientationLandscapeRight";
				LD_RUNPATH_SEARCH_PATHS = (
					"$(inherited)",
					"@executable_path/Frameworks",
				);
				MARKETING_VERSION = 1.0;
				PRODUCT_BUNDLE_IDENTIFIER = com.matthewfang.monkeymemorize2;
				PRODUCT_NAME = "$(TARGET_NAME)";
				SWIFT_EMIT_LOC_STRINGS = YES;
				SWIFT_VERSION = 5.0;
				TARGETED_DEVICE_FAMILY = "1,2";
			};
			name = Debug;
		};
		A52822502D2DDD890060678E /* Release */ = {
			isa = XCBuildConfiguration;
			buildSettings = {
				ASSETCATALOG_COMPILER_APPICON_NAME = AppIcon;
				ASSETCATALOG_COMPILER_GLOBAL_ACCENT_COLOR_NAME = AccentColor;
				CODE_SIGN_STYLE = Automatic;
				CURRENT_PROJECT_VERSION = 1;
				DEVELOPMENT_ASSET_PATHS = "\"monkeymemorize2/Preview Content\"";
				DEVELOPMENT_TEAM = 459BVP2W33;
				ENABLE_PREVIEWS = YES;
				GENERATE_INFOPLIST_FILE = YES;
				INFOPLIST_KEY_UIApplicationSceneManifest_Generation = YES;
				INFOPLIST_KEY_UIApplicationSupportsIndirectInputEvents = YES;
				INFOPLIST_KEY_UILaunchScreen_Generation = YES;
				INFOPLIST_KEY_UISupportedInterfaceOrientations_iPad = "UIInterfaceOrientationPortrait UIInterfaceOrientationPortraitUpsideDown UIInterfaceOrientationLandscapeLeft UIInterfaceOrientationLandscapeRight";
				INFOPLIST_KEY_UISupportedInterfaceOrientations_iPhone = "UIInterfaceOrientationPortrait UIInterfaceOrientationLandscapeLeft UIInterfaceOrientationLandscapeRight";
				LD_RUNPATH_SEARCH_PATHS = (
					"$(inherited)",
					"@executable_path/Frameworks",
				);
				MARKETING_VERSION = 1.0;
				PRODUCT_BUNDLE_IDENTIFIER = com.matthewfang.monkeymemorize2;
				PRODUCT_NAME = "$(TARGET_NAME)";
				SWIFT_EMIT_LOC_STRINGS = YES;
				SWIFT_VERSION = 5.0;
				TARGETED_DEVICE_FAMILY = "1,2";
			};
			name = Release;
		};
		A52822522D2DDD890060678E /* Debug */ = {
			isa = XCBuildConfiguration;
			buildSettings = {
				BUNDLE_LOADER = "$(TEST_HOST)";
				CODE_SIGN_STYLE = Automatic;
				CURRENT_PROJECT_VERSION = 1;
				DEVELOPMENT_TEAM = 459BVP2W33;
				GENERATE_INFOPLIST_FILE = YES;
				IPHONEOS_DEPLOYMENT_TARGET = 18.1;
				MARKETING_VERSION = 1.0;
				PRODUCT_BUNDLE_IDENTIFIER = com.matthewfang.monkeymemorize2Tests;
				PRODUCT_NAME = "$(TARGET_NAME)";
				SWIFT_EMIT_LOC_STRINGS = NO;
				SWIFT_VERSION = 5.0;
				TARGETED_DEVICE_FAMILY = "1,2";
				TEST_HOST = "$(BUILT_PRODUCTS_DIR)/monkeymemorize2.app/$(BUNDLE_EXECUTABLE_FOLDER_PATH)/monkeymemorize2";
			};
			name = Debug;
		};
		A52822532D2DDD890060678E /* Release */ = {
			isa = XCBuildConfiguration;
			buildSettings = {
				BUNDLE_LOADER = "$(TEST_HOST)";
				CODE_SIGN_STYLE = Automatic;
				CURRENT_PROJECT_VERSION = 1;
				DEVELOPMENT_TEAM = 459BVP2W33;
				GENERATE_INFOPLIST_FILE = YES;
				IPHONEOS_DEPLOYMENT_TARGET = 18.1;
				MARKETING_VERSION = 1.0;
				PRODUCT_BUNDLE_IDENTIFIER = com.matthewfang.monkeymemorize2Tests;
				PRODUCT_NAME = "$(TARGET_NAME)";
				SWIFT_EMIT_LOC_STRINGS = NO;
				SWIFT_VERSION = 5.0;
				TARGETED_DEVICE_FAMILY = "1,2";
				TEST_HOST = "$(BUILT_PRODUCTS_DIR)/monkeymemorize2.app/$(BUNDLE_EXECUTABLE_FOLDER_PATH)/monkeymemorize2";
			};
			name = Release;
		};
		A52822552D2DDD890060678E /* Debug */ = {
			isa = XCBuildConfiguration;
			buildSettings = {
				CODE_SIGN_STYLE = Automatic;
				CURRENT_PROJECT_VERSION = 1;
				DEVELOPMENT_TEAM = 459BVP2W33;
				GENERATE_INFOPLIST_FILE = YES;
				MARKETING_VERSION = 1.0;
				PRODUCT_BUNDLE_IDENTIFIER = com.matthewfang.monkeymemorize2UITests;
				PRODUCT_NAME = "$(TARGET_NAME)";
				SWIFT_EMIT_LOC_STRINGS = NO;
				SWIFT_VERSION = 5.0;
				TARGETED_DEVICE_FAMILY = "1,2";
				TEST_TARGET_NAME = monkeymemorize2;
			};
			name = Debug;
		};
		A52822562D2DDD890060678E /* Release */ = {
			isa = XCBuildConfiguration;
			buildSettings = {
				CODE_SIGN_STYLE = Automatic;
				CURRENT_PROJECT_VERSION = 1;
				DEVELOPMENT_TEAM = 459BVP2W33;
				GENERATE_INFOPLIST_FILE = YES;
				MARKETING_VERSION = 1.0;
				PRODUCT_BUNDLE_IDENTIFIER = com.matthewfang.monkeymemorize2UITests;
				PRODUCT_NAME = "$(TARGET_NAME)";
				SWIFT_EMIT_LOC_STRINGS = NO;
				SWIFT_VERSION = 5.0;
				TARGETED_DEVICE_FAMILY = "1,2";
				TEST_TARGET_NAME = monkeymemorize2;
			};
			name = Release;
		};
/* End XCBuildConfiguration section */

/* Begin XCConfigurationList section */
		A52822252D2DDD870060678E /* Build configuration list for PBXProject "monkeymemorize2" */ = {
			isa = XCConfigurationList;
			buildConfigurations = (
				A528224C2D2DDD890060678E /* Debug */,
				A528224D2D2DDD890060678E /* Release */,
			);
			defaultConfigurationIsVisible = 0;
			defaultConfigurationName = Release;
		};
		A528224E2D2DDD890060678E /* Build configuration list for PBXNativeTarget "monkeymemorize2" */ = {
			isa = XCConfigurationList;
			buildConfigurations = (
				A528224F2D2DDD890060678E /* Debug */,
				A52822502D2DDD890060678E /* Release */,
			);
			defaultConfigurationIsVisible = 0;
			defaultConfigurationName = Release;
		};
		A52822512D2DDD890060678E /* Build configuration list for PBXNativeTarget "monkeymemorize2Tests" */ = {
			isa = XCConfigurationList;
			buildConfigurations = (
				A52822522D2DDD890060678E /* Debug */,
				A52822532D2DDD890060678E /* Release */,
			);
			defaultConfigurationIsVisible = 0;
			defaultConfigurationName = Release;
		};
		A52822542D2DDD890060678E /* Build configuration list for PBXNativeTarget "monkeymemorize2UITests" */ = {
			isa = XCConfigurationList;
			buildConfigurations = (
				A52822552D2DDD890060678E /* Debug */,
				A52822562D2DDD890060678E /* Release */,
			);
			defaultConfigurationIsVisible = 0;
			defaultConfigurationName = Release;
		};
/* End XCConfigurationList section */
	};
	rootObject = A52822222D2DDD870060678E /* Project object */;
}
